<?xml version="1.0" encoding="utf-8"?>
<Project ToolsVersion="4.0" xmlns="http://schemas.microsoft.com/developer/msbuild/2003">
  <ItemGroup>
    <Filter Include="Source Files">
      <UniqueIdentifier>{36289381-3c1f-44e6-abac-105a0e1cb902}</UniqueIdentifier>
      <Extensions>cpp;c;cxx;def;odl;idl;hpj;bat;asm</Extensions>
    </Filter>
    <Filter Include="Header Files">
      <UniqueIdentifier>{b9353645-f024-4310-af5c-5c184a711ea0}</UniqueIdentifier>
      <Extensions>h;hpp;hxx;hm;inl;inc</Extensions>
    </Filter>
    <Filter Include="Resource Files">
      <UniqueIdentifier>{a0b6c646-422f-4bd2-aa01-9d15a6e23fc9}</UniqueIdentifier>
      <Extensions>rc;ico;cur;bmp;dlg;rc2;rct;bin;rgs;gif;jpg;jpeg;jpe;r</Extensions>
    </Filter>
  </ItemGroup>
  <ItemGroup>
    <ClCompile Include="AssemblyInfo.cpp">
      <Filter>Source Files</Filter>
    </ClCompile>
    <ClCompile Include="WorkerRequest.cpp">
      <Filter>Source Files</Filter>
    </ClCompile>
  </ItemGroup>
  <ItemGroup>
    <ClInclude Include="Apache.Web.h">
      <Filter>Header Files</Filter>
    </ClInclude>
    <ClInclude Include="Apache.Web.Version.h">
      <Filter>Header Files</Filter>
    </ClInclude>
    <ClInclude Include="Host.h">
      <Filter>Header Files</Filter>
    </ClInclude>
    <ClInclude Include="HostFactory.h">
      <Filter>Header Files</Filter>
    </ClInclude>
    <ClInclude Include="http_header_arrays.h">
      <Filter>Header Files</Filter>
    </ClInclude>
    <ClInclude Include="WorkerRequest.h">
      <Filter>Header Files</Filter>
    </ClInclude>
  </ItemGroup>
  <ItemGroup>
    <ResourceCompile Include="Apache.Web.rc">
      <Filter>Resource Files</Filter>
    </ResourceCompile>
  </ItemGroup>
  <ItemGroup>
    <Text Include="ReadMe.txt" />
  </ItemGroup>
</Project>